
Microsoft Visual Studio Solution File, Format Version 12.00
# Visual Studio Version 16
VisualStudioVersion = 16.0.30309.148
MinimumVisualStudioVersion = 10.0.40219.1
Project("{FAE04EC0-301F-11D3-BF4B-00C04F79EFBC}") = "PixelCounter", "PixelCounter\PixelCounter.csproj", "{F44C1380-8FE1-47EE-AA24-4DC1BF9C2C9D}"
EndProject
Global
	GlobalSection(SolutionConfigurationPlatforms) = preSolution
		Debug|Any CPU = Debug|Any CPU
		Release|Any CPU = Release|Any CPU
	EndGlobalSection
	GlobalSection(ProjectConfigurationPlatforms) = postSolution
		{F44C1380-8FE1-47EE-AA24-4DC1BF9C2C9D}.Debug|Any CPU.ActiveCfg = Debug|Any CPU
		{F44C1380-8FE1-47EE-AA24-4DC1BF9C2C9D}.Debug|Any CPU.Build.0 = Debug|Any CPU
		{F44C1380-8FE1-47EE-AA24-4DC1BF9C2C9D}.Release|Any CPU.ActiveCfg = Release|Any CPU
		{F44C1380-8FE1-47EE-AA24-4DC1BF9C2C9D}.Release|Any CPU.Build.0 = Release|Any CPU
	EndGlobalSection
	GlobalSection(SolutionProperties) = preSolution
		HideSolutionNode = FALSE
	EndGlobalSection
	GlobalSection(ExtensibilityGlobals) = postSolution
		SolutionGuid = {8A139544-836C-42BD-9B39-B73AF5457B0B}
	EndGlobalSection
EndGlobal
